// !$*UTF8*$!
{
	archiveVersion = 1;
	classes = {
	};
	objectVersion = 56;
	objects = {

/* Begin PBXBuildFile section */
		0922B3D32B1DBD36002A84C1 /* FeedCell.swift in Sources */ = {isa = PBXBuildFile; fileRef = 0922B3D22B1DBD36002A84C1 /* FeedCell.swift */; };
		0922B3D52B1DC509002A84C1 /* ExploreView.swift in Sources */ = {isa = PBXBuildFile; fileRef = 0922B3D42B1DC509002A84C1 /* ExploreView.swift */; };
		0922B3D72B1DC512002A84C1 /* UserCell.swift in Sources */ = {isa = PBXBuildFile; fileRef = 0922B3D62B1DC512002A84C1 /* UserCell.swift */; };
		0922B3D92B1DC75A002A84C1 /* NotificationsView.swift in Sources */ = {isa = PBXBuildFile; fileRef = 0922B3D82B1DC75A002A84C1 /* NotificationsView.swift */; };
		0922B3DB2B1DC783002A84C1 /* NotificationCell.swift in Sources */ = {isa = PBXBuildFile; fileRef = 0922B3DA2B1DC783002A84C1 /* NotificationCell.swift */; };
		0922B3DD2B1DCB8A002A84C1 /* CurrentUserProfileView.swift in Sources */ = {isa = PBXBuildFile; fileRef = 0922B3DC2B1DCB8A002A84C1 /* CurrentUserProfileView.swift */; };
		0922B3DF2B1DCC5E002A84C1 /* ProfileHeaderView.swift in Sources */ = {isa = PBXBuildFile; fileRef = 0922B3DE2B1DCC5E002A84C1 /* ProfileHeaderView.swift */; };
		0922B3E12B1DCC71002A84C1 /* PostGridView.swift in Sources */ = {isa = PBXBuildFile; fileRef = 0922B3E02B1DCC71002A84C1 /* PostGridView.swift */; };
		0922B3E52B1DCF23002A84C1 /* UserStatView.swift in Sources */ = {isa = PBXBuildFile; fileRef = 0922B3E42B1DCF23002A84C1 /* UserStatView.swift */; };
		0922B3E72B1DD5BF002A84C1 /* Post.swift in Sources */ = {isa = PBXBuildFile; fileRef = 0922B3E62B1DD5BF002A84C1 /* Post.swift */; };
		0922B3EC2B1DD65F002A84C1 /* FeedViewModel.swift in Sources */ = {isa = PBXBuildFile; fileRef = 0922B3EB2B1DD65F002A84C1 /* FeedViewModel.swift */; };
		094569462B0CB93C00E8C377 /* TikTokApp.swift in Sources */ = {isa = PBXBuildFile; fileRef = 094569452B0CB93C00E8C377 /* TikTokApp.swift */; };
		094569482B0CB93C00E8C377 /* ContentView.swift in Sources */ = {isa = PBXBuildFile; fileRef = 094569472B0CB93C00E8C377 /* ContentView.swift */; };
		0945694A2B0CB93E00E8C377 /* Assets.xcassets in Resources */ = {isa = PBXBuildFile; fileRef = 094569492B0CB93E00E8C377 /* Assets.xcassets */; };
		0945694D2B0CB93E00E8C377 /* Preview Assets.xcassets in Resources */ = {isa = PBXBuildFile; fileRef = 0945694C2B0CB93E00E8C377 /* Preview Assets.xcassets */; };
		094569652B0CBBCF00E8C377 /* MainTabView.swift in Sources */ = {isa = PBXBuildFile; fileRef = 094569642B0CBBCF00E8C377 /* MainTabView.swift */; };
		094569672B0CC1A000E8C377 /* FeedView.swift in Sources */ = {isa = PBXBuildFile; fileRef = 094569662B0CC1A000E8C377 /* FeedView.swift */; };
		09A772DB2B2C4EC60081AD08 /* CustomVideoPlayer.swift in Sources */ = {isa = PBXBuildFile; fileRef = 09A772DA2B2C4EC60081AD08 /* CustomVideoPlayer.swift */; };
/* End PBXBuildFile section */

/* Begin PBXFileReference section */
		0922B3D22B1DBD36002A84C1 /* FeedCell.swift */ = {isa = PBXFileReference; lastKnownFileType = sourcecode.swift; path = FeedCell.swift; sourceTree = "<group>"; };
		0922B3D42B1DC509002A84C1 /* ExploreView.swift */ = {isa = PBXFileReference; lastKnownFileType = sourcecode.swift; path = ExploreView.swift; sourceTree = "<group>"; };
		0922B3D62B1DC512002A84C1 /* UserCell.swift */ = {isa = PBXFileReference; lastKnownFileType = sourcecode.swift; path = UserCell.swift; sourceTree = "<group>"; };
		0922B3D82B1DC75A002A84C1 /* NotificationsView.swift */ = {isa = PBXFileReference; lastKnownFileType = sourcecode.swift; path = NotificationsView.swift; sourceTree = "<group>"; };
		0922B3DA2B1DC783002A84C1 /* NotificationCell.swift */ = {isa = PBXFileReference; lastKnownFileType = sourcecode.swift; path = NotificationCell.swift; sourceTree = "<group>"; };
		0922B3DC2B1DCB8A002A84C1 /* CurrentUserProfileView.swift */ = {isa = PBXFileReference; lastKnownFileType = sourcecode.swift; path = CurrentUserProfileView.swift; sourceTree = "<group>"; };
		0922B3DE2B1DCC5E002A84C1 /* ProfileHeaderView.swift */ = {isa = PBXFileReference; lastKnownFileType = sourcecode.swift; path = ProfileHeaderView.swift; sourceTree = "<group>"; };
		0922B3E02B1DCC71002A84C1 /* PostGridView.swift */ = {isa = PBXFileReference; lastKnownFileType = sourcecode.swift; path = PostGridView.swift; sourceTree = "<group>"; };
		0922B3E42B1DCF23002A84C1 /* UserStatView.swift */ = {isa = PBXFileReference; lastKnownFileType = sourcecode.swift; path = UserStatView.swift; sourceTree = "<group>"; };
		0922B3E62B1DD5BF002A84C1 /* Post.swift */ = {isa = PBXFileReference; lastKnownFileType = sourcecode.swift; path = Post.swift; sourceTree = "<group>"; };
		0922B3EB2B1DD65F002A84C1 /* FeedViewModel.swift */ = {isa = PBXFileReference; lastKnownFileType = sourcecode.swift; path = FeedViewModel.swift; sourceTree = "<group>"; };
		094569422B0CB93C00E8C377 /* TikTok.app */ = {isa = PBXFileReference; explicitFileType = wrapper.application; includeInIndex = 0; path = TikTok.app; sourceTree = BUILT_PRODUCTS_DIR; };
		094569452B0CB93C00E8C377 /* TikTokApp.swift */ = {isa = PBXFileReference; lastKnownFileType = sourcecode.swift; path = TikTokApp.swift; sourceTree = "<group>"; };
		094569472B0CB93C00E8C377 /* ContentView.swift */ = {isa = PBXFileReference; lastKnownFileType = sourcecode.swift; path = ContentView.swift; sourceTree = "<group>"; };
		094569492B0CB93E00E8C377 /* Assets.xcassets */ = {isa = PBXFileReference; lastKnownFileType = folder.assetcatalog; path = Assets.xcassets; sourceTree = "<group>"; };
		0945694C2B0CB93E00E8C377 /* Preview Assets.xcassets */ = {isa = PBXFileReference; lastKnownFileType = folder.assetcatalog; path = "Preview Assets.xcassets"; sourceTree = "<group>"; };
		094569642B0CBBCF00E8C377 /* MainTabView.swift */ = {isa = PBXFileReference; lastKnownFileType = sourcecode.swift; path = MainTabView.swift; sourceTree = "<group>"; };
		094569662B0CC1A000E8C377 /* FeedView.swift */ = {isa = PBXFileReference; lastKnownFileType = sourcecode.swift; path = FeedView.swift; sourceTree = "<group>"; };
		09A772DA2B2C4EC60081AD08 /* CustomVideoPlayer.swift */ = {isa = PBXFileReference; lastKnownFileType = sourcecode.swift; path = CustomVideoPlayer.swift; sourceTree = "<group>"; };
		09A772DD2B2C557C0081AD08 /* AVKit.framework */ = {isa = PBXFileReference; lastKnownFileType = wrapper.framework; name = AVKit.framework; path = System/Library/Frameworks/AVKit.framework; sourceTree = SDKROOT; };
		09A772DF2B2C5E8F0081AD08 /* Info.plist */ = {isa = PBXFileReference; lastKnownFileType = text.plist; path = Info.plist; sourceTree = "<group>"; };
/* End PBXFileReference section */

/* Begin PBXFrameworksBuildPhase section */
		0945693F2B0CB93C00E8C377 /* Frameworks */ = {
			isa = PBXFrameworksBuildPhase;
			buildActionMask = 2147483647;
			files = (
			);
			runOnlyForDeploymentPostprocessing = 0;
		};
/* End PBXFrameworksBuildPhase section */

/* Begin PBXGroup section */
		0922B3E22B1DCED2002A84C1 /* Components */ = {
			isa = PBXGroup;
			children = (
				0922B3DE2B1DCC5E002A84C1 /* ProfileHeaderView.swift */,
				0922B3E02B1DCC71002A84C1 /* PostGridView.swift */,
				0922B3E42B1DCF23002A84C1 /* UserStatView.swift */,
			);
			path = Components;
			sourceTree = "<group>";
		};
		0922B3E32B1DCEE9002A84C1 /* View */ = {
			isa = PBXGroup;
			children = (
			);
			path = View;
			sourceTree = "<group>";
		};
		0922B3E82B1DD612002A84C1 /* Service */ = {
			isa = PBXGroup;
			children = (
			);
			path = Service;
			sourceTree = "<group>";
		};
		0922B3E92B1DD61D002A84C1 /* View */ = {
			isa = PBXGroup;
			children = (
				094569662B0CC1A000E8C377 /* FeedView.swift */,
				0922B3D22B1DBD36002A84C1 /* FeedCell.swift */,
			);
			path = View;
			sourceTree = "<group>";
		};
		0922B3EA2B1DD62C002A84C1 /* ViewModel */ = {
			isa = PBXGroup;
			children = (
				0922B3EB2B1DD65F002A84C1 /* FeedViewModel.swift */,
			);
			path = ViewModel;
			sourceTree = "<group>";
		};
		094569392B0CB93C00E8C377 = {
			isa = PBXGroup;
			children = (
				094569442B0CB93C00E8C377 /* TikTok */,
				094569432B0CB93C00E8C377 /* Products */,
				09A772DC2B2C557C0081AD08 /* Frameworks */,
			);
			sourceTree = "<group>";
		};
		094569432B0CB93C00E8C377 /* Products */ = {
			isa = PBXGroup;
			children = (
				094569422B0CB93C00E8C377 /* TikTok.app */,
			);
			name = Products;
			sourceTree = "<group>";
		};
		094569442B0CB93C00E8C377 /* TikTok */ = {
			isa = PBXGroup;
			children = (
				09A772DF2B2C5E8F0081AD08 /* Info.plist */,
				094569532B0CB99100E8C377 /* App */,
				094569542B0CB99D00E8C377 /* Core */,
				094569552B0CB9BB00E8C377 /* Extensions */,
				094569562B0CB9CE00E8C377 /* Model */,
				094569572B0CB9DD00E8C377 /* Services */,
				094569582B0CB9E600E8C377 /* Utils */,
				094569492B0CB93E00E8C377 /* Assets.xcassets */,
				0945694B2B0CB93E00E8C377 /* Preview Content */,
			);
			path = TikTok;
			sourceTree = "<group>";
		};
		0945694B2B0CB93E00E8C377 /* Preview Content */ = {
			isa = PBXGroup;
			children = (
				0945694C2B0CB93E00E8C377 /* Preview Assets.xcassets */,
			);
			path = "Preview Content";
			sourceTree = "<group>";
		};
		094569532B0CB99100E8C377 /* App */ = {
			isa = PBXGroup;
			children = (
				094569452B0CB93C00E8C377 /* TikTokApp.swift */,
			);
			path = App;
			sourceTree = "<group>";
		};
		094569542B0CB99D00E8C377 /* Core */ = {
			isa = PBXGroup;
			children = (
				094569622B0CBA9500E8C377 /* Authentication */,
				094569612B0CBA9200E8C377 /* Comments */,
				094569602B0CBA9000E8C377 /* Components */,
				0945695F2B0CBA8D00E8C377 /* Feed */,
				0945695E2B0CBA8A00E8C377 /* Notifications */,
				0945695D2B0CBA8700E8C377 /* Profile */,
				0945695C2B0CBA8400E8C377 /* Root */,
				0945695B2B0CBA8100E8C377 /* Search */,
				0945695A2B0CBA7D00E8C377 /* TabBar */,
				094569592B0CBA2400E8C377 /* UploadMedia */,
			);
			path = Core;
			sourceTree = "<group>";
		};
		094569552B0CB9BB00E8C377 /* Extensions */ = {
			isa = PBXGroup;
			children = (
			);
			path = Extensions;
			sourceTree = "<group>";
		};
		094569562B0CB9CE00E8C377 /* Model */ = {
			isa = PBXGroup;
			children = (
				0922B3E62B1DD5BF002A84C1 /* Post.swift */,
			);
			path = Model;
			sourceTree = "<group>";
		};
		094569572B0CB9DD00E8C377 /* Services */ = {
			isa = PBXGroup;
			children = (
			);
			path = Services;
			sourceTree = "<group>";
		};
		094569582B0CB9E600E8C377 /* Utils */ = {
			isa = PBXGroup;
			children = (
			);
			path = Utils;
			sourceTree = "<group>";
		};
		094569592B0CBA2400E8C377 /* UploadMedia */ = {
			isa = PBXGroup;
			children = (
			);
			path = UploadMedia;
			sourceTree = "<group>";
		};
		0945695A2B0CBA7D00E8C377 /* TabBar */ = {
			isa = PBXGroup;
			children = (
				094569642B0CBBCF00E8C377 /* MainTabView.swift */,
			);
			path = TabBar;
			sourceTree = "<group>";
		};
		0945695B2B0CBA8100E8C377 /* Search */ = {
			isa = PBXGroup;
			children = (
				0922B3D42B1DC509002A84C1 /* ExploreView.swift */,
				0922B3D62B1DC512002A84C1 /* UserCell.swift */,
			);
			path = Search;
			sourceTree = "<group>";
		};
		0945695C2B0CBA8400E8C377 /* Root */ = {
			isa = PBXGroup;
			children = (
				094569472B0CB93C00E8C377 /* ContentView.swift */,
			);
			path = Root;
			sourceTree = "<group>";
		};
		0945695D2B0CBA8700E8C377 /* Profile */ = {
			isa = PBXGroup;
			children = (
				0922B3E22B1DCED2002A84C1 /* Components */,
				0922B3E32B1DCEE9002A84C1 /* View */,
				0922B3DC2B1DCB8A002A84C1 /* CurrentUserProfileView.swift */,
			);
			path = Profile;
			sourceTree = "<group>";
		};
		0945695E2B0CBA8A00E8C377 /* Notifications */ = {
			isa = PBXGroup;
			children = (
				0922B3D82B1DC75A002A84C1 /* NotificationsView.swift */,
				0922B3DA2B1DC783002A84C1 /* NotificationCell.swift */,
			);
			path = Notifications;
			sourceTree = "<group>";
		};
		0945695F2B0CBA8D00E8C377 /* Feed */ = {
			isa = PBXGroup;
			children = (
				0922B3E82B1DD612002A84C1 /* Service */,
				0922B3E92B1DD61D002A84C1 /* View */,
				0922B3EA2B1DD62C002A84C1 /* ViewModel */,
			);
			path = Feed;
			sourceTree = "<group>";
		};
		094569602B0CBA9000E8C377 /* Components */ = {
			isa = PBXGroup;
			children = (
				09A772DA2B2C4EC60081AD08 /* CustomVideoPlayer.swift */,
			);
			path = Components;
			sourceTree = "<group>";
		};
		094569612B0CBA9200E8C377 /* Comments */ = {
			isa = PBXGroup;
			children = (
			);
			path = Comments;
			sourceTree = "<group>";
		};
		094569622B0CBA9500E8C377 /* Authentication */ = {
			isa = PBXGroup;
			children = (
			);
			path = Authentication;
			sourceTree = "<group>";
		};
		09A772DC2B2C557C0081AD08 /* Frameworks */ = {
			isa = PBXGroup;
			children = (
				09A772DD2B2C557C0081AD08 /* AVKit.framework */,
			);
			name = Frameworks;
			sourceTree = "<group>";
		};
/* End PBXGroup section */

/* Begin PBXNativeTarget section */
		094569412B0CB93C00E8C377 /* TikTok */ = {
			isa = PBXNativeTarget;
			buildConfigurationList = 094569502B0CB93E00E8C377 /* Build configuration list for PBXNativeTarget "TikTok" */;
			buildPhases = (
				0945693E2B0CB93C00E8C377 /* Sources */,
				0945693F2B0CB93C00E8C377 /* Frameworks */,
				094569402B0CB93C00E8C377 /* Resources */,
			);
			buildRules = (
			);
			dependencies = (
			);
			name = TikTok;
			productName = TikTok;
			productReference = 094569422B0CB93C00E8C377 /* TikTok.app */;
			productType = "com.apple.product-type.application";
		};
/* End PBXNativeTarget section */

/* Begin PBXProject section */
		0945693A2B0CB93C00E8C377 /* Project object */ = {
			isa = PBXProject;
			attributes = {
				BuildIndependentTargetsInParallel = 1;
				LastSwiftUpdateCheck = 1430;
				LastUpgradeCheck = 1500;
				TargetAttributes = {
					094569412B0CB93C00E8C377 = {
						CreatedOnToolsVersion = 14.3.1;
					};
				};
			};
			buildConfigurationList = 0945693D2B0CB93C00E8C377 /* Build configuration list for PBXProject "TikTok" */;
			compatibilityVersion = "Xcode 14.0";
			developmentRegion = en;
			hasScannedForEncodings = 0;
			knownRegions = (
				en,
				Base,
			);
			mainGroup = 094569392B0CB93C00E8C377;
			productRefGroup = 094569432B0CB93C00E8C377 /* Products */;
			projectDirPath = "";
			projectRoot = "";
			targets = (
				094569412B0CB93C00E8C377 /* TikTok */,
			);
		};
/* End PBXProject section */

/* Begin PBXResourcesBuildPhase section */
		094569402B0CB93C00E8C377 /* Resources */ = {
			isa = PBXResourcesBuildPhase;
			buildActionMask = 2147483647;
			files = (
				0945694D2B0CB93E00E8C377 /* Preview Assets.xcassets in Resources */,
				0945694A2B0CB93E00E8C377 /* Assets.xcassets in Resources */,
			);
			runOnlyForDeploymentPostprocessing = 0;
		};
/* End PBXResourcesBuildPhase section */

/* Begin PBXSourcesBuildPhase section */
		0945693E2B0CB93C00E8C377 /* Sources */ = {
			isa = PBXSourcesBuildPhase;
			buildActionMask = 2147483647;
			files = (
				094569672B0CC1A000E8C377 /* FeedView.swift in Sources */,
				09A772DB2B2C4EC60081AD08 /* CustomVideoPlayer.swift in Sources */,
				0922B3DB2B1DC783002A84C1 /* NotificationCell.swift in Sources */,
				0922B3DF2B1DCC5E002A84C1 /* ProfileHeaderView.swift in Sources */,
				0922B3E52B1DCF23002A84C1 /* UserStatView.swift in Sources */,
				0922B3D32B1DBD36002A84C1 /* FeedCell.swift in Sources */,
				0922B3EC2B1DD65F002A84C1 /* FeedViewModel.swift in Sources */,
				0922B3E72B1DD5BF002A84C1 /* Post.swift in Sources */,
				094569482B0CB93C00E8C377 /* ContentView.swift in Sources */,
				0922B3D92B1DC75A002A84C1 /* NotificationsView.swift in Sources */,
				094569462B0CB93C00E8C377 /* TikTokApp.swift in Sources */,
				0922B3D52B1DC509002A84C1 /* ExploreView.swift in Sources */,
				0922B3E12B1DCC71002A84C1 /* PostGridView.swift in Sources */,
				0922B3DD2B1DCB8A002A84C1 /* CurrentUserProfileView.swift in Sources */,
				094569652B0CBBCF00E8C377 /* MainTabView.swift in Sources */,
				0922B3D72B1DC512002A84C1 /* UserCell.swift in Sources */,
			);
			runOnlyForDeploymentPostprocessing = 0;
		};
/* End PBXSourcesBuildPhase section */

/* Begin XCBuildConfiguration section */
		0945694E2B0CB93E00E8C377 /* Debug */ = {
			isa = XCBuildConfiguration;
			buildSettings = {
				ALWAYS_SEARCH_USER_PATHS = NO;
				CLANG_ANALYZER_NONNULL = YES;
				CLANG_ANALYZER_NUMBER_OBJECT_CONVERSION = YES_AGGRESSIVE;
				CLANG_CXX_LANGUAGE_STANDARD = "gnu++20";
				CLANG_ENABLE_MODULES = YES;
				CLANG_ENABLE_OBJC_ARC = YES;
				CLANG_ENABLE_OBJC_WEAK = YES;
				CLANG_WARN_BLOCK_CAPTURE_AUTORELEASING = YES;
				CLANG_WARN_BOOL_CONVERSION = YES;
				CLANG_WARN_COMMA = YES;
				CLANG_WARN_CONSTANT_CONVERSION = YES;
				CLANG_WARN_DEPRECATED_OBJC_IMPLEMENTATIONS = YES;
				CLANG_WARN_DIRECT_OBJC_ISA_USAGE = YES_ERROR;
				CLANG_WARN_DOCUMENTATION_COMMENTS = YES;
				CLANG_WARN_EMPTY_BODY = YES;
				CLANG_WARN_ENUM_CONVERSION = YES;
				CLANG_WARN_INFINITE_RECURSION = YES;
				CLANG_WARN_INT_CONVERSION = YES;
				CLANG_WARN_NON_LITERAL_NULL_CONVERSION = YES;
				CLANG_WARN_OBJC_IMPLICIT_RETAIN_SELF = YES;
				CLANG_WARN_OBJC_LITERAL_CONVERSION = YES;
				CLANG_WARN_OBJC_ROOT_CLASS = YES_ERROR;
				CLANG_WARN_QUOTED_INCLUDE_IN_FRAMEWORK_HEADER = YES;
				CLANG_WARN_RANGE_LOOP_ANALYSIS = YES;
				CLANG_WARN_STRICT_PROTOTYPES = YES;
				CLANG_WARN_SUSPICIOUS_MOVE = YES;
				CLANG_WARN_UNGUARDED_AVAILABILITY = YES_AGGRESSIVE;
				CLANG_WARN_UNREACHABLE_CODE = YES;
				CLANG_WARN__DUPLICATE_METHOD_MATCH = YES;
				COPY_PHASE_STRIP = NO;
				DEBUG_INFORMATION_FORMAT = dwarf;
				ENABLE_STRICT_OBJC_MSGSEND = YES;
				ENABLE_TESTABILITY = YES;
				ENABLE_USER_SCRIPT_SANDBOXING = YES;
				GCC_C_LANGUAGE_STANDARD = gnu11;
				GCC_DYNAMIC_NO_PIC = NO;
				GCC_NO_COMMON_BLOCKS = YES;
				GCC_OPTIMIZATION_LEVEL = 0;
				GCC_PREPROCESSOR_DEFINITIONS = (
					"DEBUG=1",
					"$(inherited)",
				);
				GCC_WARN_64_TO_32_BIT_CONVERSION = YES;
				GCC_WARN_ABOUT_RETURN_TYPE = YES_ERROR;
				GCC_WARN_UNDECLARED_SELECTOR = YES;
				GCC_WARN_UNINITIALIZED_AUTOS = YES_AGGRESSIVE;
				GCC_WARN_UNUSED_FUNCTION = YES;
				GCC_WARN_UNUSED_VARIABLE = YES;
				IPHONEOS_DEPLOYMENT_TARGET = 17.0;
				MTL_ENABLE_DEBUG_INFO = INCLUDE_SOURCE;
				MTL_FAST_MATH = YES;
				ONLY_ACTIVE_ARCH = YES;
				SDKROOT = iphoneos;
				SWIFT_ACTIVE_COMPILATION_CONDITIONS = DEBUG;
				SWIFT_OPTIMIZATION_LEVEL = "-Onone";
			};
			name = Debug;
		};
		0945694F2B0CB93E00E8C377 /* Release */ = {
			isa = XCBuildConfiguration;
			buildSettings = {
				ALWAYS_SEARCH_USER_PATHS = NO;
				CLANG_ANALYZER_NONNULL = YES;
				CLANG_ANALYZER_NUMBER_OBJECT_CONVERSION = YES_AGGRESSIVE;
				CLANG_CXX_LANGUAGE_STANDARD = "gnu++20";
				CLANG_ENABLE_MODULES = YES;
				CLANG_ENABLE_OBJC_ARC = YES;
				CLANG_ENABLE_OBJC_WEAK = YES;
				CLANG_WARN_BLOCK_CAPTURE_AUTORELEASING = YES;
				CLANG_WARN_BOOL_CONVERSION = YES;
				CLANG_WARN_COMMA = YES;
				CLANG_WARN_CONSTANT_CONVERSION = YES;
				CLANG_WARN_DEPRECATED_OBJC_IMPLEMENTATIONS = YES;
				CLANG_WARN_DIRECT_OBJC_ISA_USAGE = YES_ERROR;
				CLANG_WARN_DOCUMENTATION_COMMENTS = YES;
				CLANG_WARN_EMPTY_BODY = YES;
				CLANG_WARN_ENUM_CONVERSION = YES;
				CLANG_WARN_INFINITE_RECURSION = YES;
				CLANG_WARN_INT_CONVERSION = YES;
				CLANG_WARN_NON_LITERAL_NULL_CONVERSION = YES;
				CLANG_WARN_OBJC_IMPLICIT_RETAIN_SELF = YES;
				CLANG_WARN_OBJC_LITERAL_CONVERSION = YES;
				CLANG_WARN_OBJC_ROOT_CLASS = YES_ERROR;
				CLANG_WARN_QUOTED_INCLUDE_IN_FRAMEWORK_HEADER = YES;
				CLANG_WARN_RANGE_LOOP_ANALYSIS = YES;
				CLANG_WARN_STRICT_PROTOTYPES = YES;
				CLANG_WARN_SUSPICIOUS_MOVE = YES;
				CLANG_WARN_UNGUARDED_AVAILABILITY = YES_AGGRESSIVE;
				CLANG_WARN_UNREACHABLE_CODE = YES;
				CLANG_WARN__DUPLICATE_METHOD_MATCH = YES;
				COPY_PHASE_STRIP = NO;
				DEBUG_INFORMATION_FORMAT = "dwarf-with-dsym";
				ENABLE_NS_ASSERTIONS = NO;
				ENABLE_STRICT_OBJC_MSGSEND = YES;
				ENABLE_USER_SCRIPT_SANDBOXING = YES;
				GCC_C_LANGUAGE_STANDARD = gnu11;
				GCC_NO_COMMON_BLOCKS = YES;
				GCC_WARN_64_TO_32_BIT_CONVERSION = YES;
				GCC_WARN_ABOUT_RETURN_TYPE = YES_ERROR;
				GCC_WARN_UNDECLARED_SELECTOR = YES;
				GCC_WARN_UNINITIALIZED_AUTOS = YES_AGGRESSIVE;
				GCC_WARN_UNUSED_FUNCTION = YES;
				GCC_WARN_UNUSED_VARIABLE = YES;
				IPHONEOS_DEPLOYMENT_TARGET = 17.0;
				MTL_ENABLE_DEBUG_INFO = NO;
				MTL_FAST_MATH = YES;
				SDKROOT = iphoneos;
				SWIFT_COMPILATION_MODE = wholemodule;
				SWIFT_OPTIMIZATION_LEVEL = "-O";
				VALIDATE_PRODUCT = YES;
			};
			name = Release;
		};
		094569512B0CB93E00E8C377 /* Debug */ = {
			isa = XCBuildConfiguration;
			buildSettings = {
				ASSETCATALOG_COMPILER_APPICON_NAME = AppIcon;
				ASSETCATALOG_COMPILER_GLOBAL_ACCENT_COLOR_NAME = AccentColor;
				CODE_SIGN_STYLE = Automatic;
				CURRENT_PROJECT_VERSION = 1;
				DEVELOPMENT_ASSET_PATHS = "\"TikTok/Preview Content\"";
				DEVELOPMENT_TEAM = XC48HTB69A;
				ENABLE_PREVIEWS = YES;
				GENERATE_INFOPLIST_FILE = YES;
				INFOPLIST_FILE = TikTok/Info.plist;
				INFOPLIST_KEY_UIApplicationSceneManifest_Generation = YES;
				INFOPLIST_KEY_UIApplicationSupportsIndirectInputEvents = YES;
				INFOPLIST_KEY_UILaunchScreen_Generation = YES;
				INFOPLIST_KEY_UISupportedInterfaceOrientations_iPad = "UIInterfaceOrientationPortrait UIInterfaceOrientationPortraitUpsideDown UIInterfaceOrientationLandscapeLeft UIInterfaceOrientationLandscapeRight";
				INFOPLIST_KEY_UISupportedInterfaceOrientations_iPhone = "UIInterfaceOrientationPortrait UIInterfaceOrientationLandscapeLeft UIInterfaceOrientationLandscapeRight";
				IPHONEOS_DEPLOYMENT_TARGET = 17.0;
				LD_RUNPATH_SEARCH_PATHS = (
					"$(inherited)",
					"@executable_path/Frameworks",
				);
				MARKETING_VERSION = 1.0;
				PRODUCT_BUNDLE_IDENTIFIER = co.bowskietech.TikTok;
				PRODUCT_NAME = "$(TARGET_NAME)";
				SWIFT_EMIT_LOC_STRINGS = YES;
				SWIFT_VERSION = 5.0;
				TARGETED_DEVICE_FAMILY = "1,2";
			};
			name = Debug;
		};
		094569522B0CB93E00E8C377 /* Release */ = {
			isa = XCBuildConfiguration;
			buildSettings = {
				ASSETCATALOG_COMPILER_APPICON_NAME = AppIcon;
				ASSETCATALOG_COMPILER_GLOBAL_ACCENT_COLOR_NAME = AccentColor;
				CODE_SIGN_STYLE = Automatic;
				CURRENT_PROJECT_VERSION = 1;
				DEVELOPMENT_ASSET_PATHS = "\"TikTok/Preview Content\"";
				DEVELOPMENT_TEAM = XC48HTB69A;
				ENABLE_PREVIEWS = YES;
				GENERATE_INFOPLIST_FILE = YES;
				INFOPLIST_FILE = TikTok/Info.plist;
				INFOPLIST_KEY_UIApplicationSceneManifest_Generation = YES;
				INFOPLIST_KEY_UIApplicationSupportsIndirectInputEvents = YES;
				INFOPLIST_KEY_UILaunchScreen_Generation = YES;
				INFOPLIST_KEY_UISupportedInterfaceOrientations_iPad = "UIInterfaceOrientationPortrait UIInterfaceOrientationPortraitUpsideDown UIInterfaceOrientationLandscapeLeft UIInterfaceOrientationLandscapeRight";
				INFOPLIST_KEY_UISupportedInterfaceOrientations_iPhone = "UIInterfaceOrientationPortrait UIInterfaceOrientationLandscapeLeft UIInterfaceOrientationLandscapeRight";
				IPHONEOS_DEPLOYMENT_TARGET = 17.0;
				LD_RUNPATH_SEARCH_PATHS = (
					"$(inherited)",
					"@executable_path/Frameworks",
				);
				MARKETING_VERSION = 1.0;
				PRODUCT_BUNDLE_IDENTIFIER = co.bowskietech.TikTok;
				PRODUCT_NAME = "$(TARGET_NAME)";
				SWIFT_EMIT_LOC_STRINGS = YES;
				SWIFT_VERSION = 5.0;
				TARGETED_DEVICE_FAMILY = "1,2";
			};
			name = Release;
		};
/* End XCBuildConfiguration section */

/* Begin XCConfigurationList section */
		0945693D2B0CB93C00E8C377 /* Build configuration list for PBXProject "TikTok" */ = {
			isa = XCConfigurationList;
			buildConfigurations = (
				0945694E2B0CB93E00E8C377 /* Debug */,
				0945694F2B0CB93E00E8C377 /* Release */,
			);
			defaultConfigurationIsVisible = 0;
			defaultConfigurationName = Release;
		};
		094569502B0CB93E00E8C377 /* Build configuration list for PBXNativeTarget "TikTok" */ = {
			isa = XCConfigurationList;
			buildConfigurations = (
				094569512B0CB93E00E8C377 /* Debug */,
				094569522B0CB93E00E8C377 /* Release */,
			);
			defaultConfigurationIsVisible = 0;
			defaultConfigurationName = Release;
		};
/* End XCConfigurationList section */
	};
	rootObject = 0945693A2B0CB93C00E8C377 /* Project object */;
}
